// !$*UTF8*$!
{
	archiveVersion = 1;
	classes = {
	};
	objectVersion = 56;
	objects = {

/* Begin PBXBuildFile section */
		3B479D1F2BF5D370000C45FA /* main.cpp in Sources */ = {isa = PBXBuildFile; fileRef = 3B479D1E2BF5D370000C45FA /* main.cpp */; };
		3B479D272BF5D520000C45FA /* Foundation.framework in Frameworks */ = {isa = PBXBuildFile; fileRef = 3B479D262BF5D520000C45FA /* Foundation.framework */; };
		3B479D2B2BF5D52E000C45FA /* Metal.framework in Frameworks */ = {isa = PBXBuildFile; fileRef = 3B479D2A2BF5D52E000C45FA /* Metal.framework */; };
		3B479D2D2BF5D56C000C45FA /* MetalKit.framework in Frameworks */ = {isa = PBXBuildFile; fileRef = 3B479D2C2BF5D56C000C45FA /* MetalKit.framework */; };
		3B479D322BF5D6EE000C45FA /* Renderer.cpp in Sources */ = {isa = PBXBuildFile; fileRef = 3B479D302BF5D6EE000C45FA /* Renderer.cpp */; };
		3B479D352BF5D743000C45FA /* MTKViewDelegate.cpp in Sources */ = {isa = PBXBuildFile; fileRef = 3B479D332BF5D743000C45FA /* MTKViewDelegate.cpp */; };
		3B479D392BF6A7B3000C45FA /* AppDelegate.cpp in Sources */ = {isa = PBXBuildFile; fileRef = 3B479D372BF6A7B3000C45FA /* AppDelegate.cpp */; };
		3B479D412BF7F358000C45FA /* MetalDebugDump.cpp in Sources */ = {isa = PBXBuildFile; fileRef = 3B479D3F2BF7F358000C45FA /* MetalDebugDump.cpp */; };
		3B479D442BF7FB12000C45FA /* MyShader.metal in Sources */ = {isa = PBXBuildFile; fileRef = 3B479D432BF7FB12000C45FA /* MyShader.metal */; };
/* End PBXBuildFile section */

/* Begin PBXCopyFilesBuildPhase section */
		3B479D192BF5D370000C45FA /* CopyFiles */ = {
			isa = PBXCopyFilesBuildPhase;
			buildActionMask = 2147483647;
			dstPath = /usr/share/man/man1/;
			dstSubfolderSpec = 0;
			files = (
			);
			runOnlyForDeploymentPostprocessing = 1;
		};
/* End PBXCopyFilesBuildPhase section */

/* Begin PBXFileReference section */
		3B479D1B2BF5D370000C45FA /* MyMetalCPP */ = {isa = PBXFileReference; explicitFileType = "compiled.mach-o.executable"; includeInIndex = 0; path = MyMetalCPP; sourceTree = BUILT_PRODUCTS_DIR; };
		3B479D1E2BF5D370000C45FA /* main.cpp */ = {isa = PBXFileReference; lastKnownFileType = sourcecode.cpp.cpp; path = main.cpp; sourceTree = "<group>"; };
		3B479D262BF5D520000C45FA /* Foundation.framework */ = {isa = PBXFileReference; lastKnownFileType = wrapper.framework; name = Foundation.framework; path = System/Library/Frameworks/Foundation.framework; sourceTree = SDKROOT; };
		3B479D282BF5D527000C45FA /* QuartzCore.framework */ = {isa = PBXFileReference; lastKnownFileType = wrapper.framework; name = QuartzCore.framework; path = System/Library/Frameworks/QuartzCore.framework; sourceTree = SDKROOT; };
		3B479D2A2BF5D52E000C45FA /* Metal.framework */ = {isa = PBXFileReference; lastKnownFileType = wrapper.framework; name = Metal.framework; path = System/Library/Frameworks/Metal.framework; sourceTree = SDKROOT; };
		3B479D2C2BF5D56C000C45FA /* MetalKit.framework */ = {isa = PBXFileReference; lastKnownFileType = wrapper.framework; name = MetalKit.framework; path = System/Library/Frameworks/MetalKit.framework; sourceTree = SDKROOT; };
		3B479D2E2BF5D58C000C45FA /* AppKit.framework */ = {isa = PBXFileReference; lastKnownFileType = wrapper.framework; name = AppKit.framework; path = System/Library/Frameworks/AppKit.framework; sourceTree = SDKROOT; };
		3B479D302BF5D6EE000C45FA /* Renderer.cpp */ = {isa = PBXFileReference; lastKnownFileType = sourcecode.cpp.cpp; path = Renderer.cpp; sourceTree = "<group>"; };
		3B479D312BF5D6EE000C45FA /* Renderer.hpp */ = {isa = PBXFileReference; lastKnownFileType = sourcecode.cpp.h; path = Renderer.hpp; sourceTree = "<group>"; };
		3B479D332BF5D743000C45FA /* MTKViewDelegate.cpp */ = {isa = PBXFileReference; lastKnownFileType = sourcecode.cpp.cpp; path = MTKViewDelegate.cpp; sourceTree = "<group>"; };
		3B479D342BF5D743000C45FA /* MTKViewDelegate.hpp */ = {isa = PBXFileReference; lastKnownFileType = sourcecode.cpp.h; path = MTKViewDelegate.hpp; sourceTree = "<group>"; };
		3B479D362BF5D7F0000C45FA /* Common.h */ = {isa = PBXFileReference; lastKnownFileType = sourcecode.c.h; path = Common.h; sourceTree = "<group>"; };
		3B479D372BF6A7B3000C45FA /* AppDelegate.cpp */ = {isa = PBXFileReference; lastKnownFileType = sourcecode.cpp.cpp; path = AppDelegate.cpp; sourceTree = "<group>"; };
		3B479D382BF6A7B3000C45FA /* AppDelegate.hpp */ = {isa = PBXFileReference; lastKnownFileType = sourcecode.cpp.h; path = AppDelegate.hpp; sourceTree = "<group>"; };
		3B479D3B2BF744CE000C45FA /* README.md */ = {isa = PBXFileReference; fileEncoding = 4; lastKnownFileType = net.daringfireball.markdown; path = README.md; sourceTree = "<group>"; };
		3B479D3C2BF744E6000C45FA /* DOCS.md */ = {isa = PBXFileReference; fileEncoding = 4; lastKnownFileType = net.daringfireball.markdown; path = DOCS.md; sourceTree = "<group>"; };
		3B479D3D2BF7C8F7000C45FA /* metal-cpp */ = {isa = PBXFileReference; lastKnownFileType = folder; path = "metal-cpp"; sourceTree = "<group>"; };
		3B479D3E2BF7C8F7000C45FA /* metal-cpp-extensions */ = {isa = PBXFileReference; lastKnownFileType = folder; path = "metal-cpp-extensions"; sourceTree = "<group>"; };
		3B479D3F2BF7F358000C45FA /* MetalDebugDump.cpp */ = {isa = PBXFileReference; lastKnownFileType = sourcecode.cpp.cpp; path = MetalDebugDump.cpp; sourceTree = "<group>"; };
		3B479D402BF7F358000C45FA /* MetalDebugDump.hpp */ = {isa = PBXFileReference; lastKnownFileType = sourcecode.cpp.h; path = MetalDebugDump.hpp; sourceTree = "<group>"; };
		3B479D432BF7FB12000C45FA /* MyShader.metal */ = {isa = PBXFileReference; lastKnownFileType = sourcecode.metal; path = MyShader.metal; sourceTree = "<group>"; };
		3B479D452BF88C9C000C45FA /* ShaderStructs.h */ = {isa = PBXFileReference; lastKnownFileType = sourcecode.c.h; path = ShaderStructs.h; sourceTree = "<group>"; };
/* End PBXFileReference section */

/* Begin PBXFrameworksBuildPhase section */
		3B479D182BF5D370000C45FA /* Frameworks */ = {
			isa = PBXFrameworksBuildPhase;
			buildActionMask = 2147483647;
			files = (
				3B479D2D2BF5D56C000C45FA /* MetalKit.framework in Frameworks */,
				3B479D2B2BF5D52E000C45FA /* Metal.framework in Frameworks */,
				3B479D272BF5D520000C45FA /* Foundation.framework in Frameworks */,
			);
			runOnlyForDeploymentPostprocessing = 0;
		};
/* End PBXFrameworksBuildPhase section */

/* Begin PBXGroup section */
		3B479D122BF5D370000C45FA = {
			isa = PBXGroup;
			children = (
				3B479D3D2BF7C8F7000C45FA /* metal-cpp */,
				3B479D3E2BF7C8F7000C45FA /* metal-cpp-extensions */,
				3B479D3C2BF744E6000C45FA /* DOCS.md */,
				3B479D3B2BF744CE000C45FA /* README.md */,
				3B479D1D2BF5D370000C45FA /* MyMetalCPP */,
				3B479D1C2BF5D370000C45FA /* Products */,
				3B479D252BF5D520000C45FA /* Frameworks */,
			);
			sourceTree = "<group>";
		};
		3B479D1C2BF5D370000C45FA /* Products */ = {
			isa = PBXGroup;
			children = (
				3B479D1B2BF5D370000C45FA /* MyMetalCPP */,
			);
			name = Products;
			sourceTree = "<group>";
		};
		3B479D1D2BF5D370000C45FA /* MyMetalCPP */ = {
			isa = PBXGroup;
			children = (
				3B479D422BF7FAFA000C45FA /* Shaders */,
				3B479D1E2BF5D370000C45FA /* main.cpp */,
				3B479D302BF5D6EE000C45FA /* Renderer.cpp */,
				3B479D312BF5D6EE000C45FA /* Renderer.hpp */,
				3B479D332BF5D743000C45FA /* MTKViewDelegate.cpp */,
				3B479D342BF5D743000C45FA /* MTKViewDelegate.hpp */,
				3B479D362BF5D7F0000C45FA /* Common.h */,
				3B479D372BF6A7B3000C45FA /* AppDelegate.cpp */,
				3B479D382BF6A7B3000C45FA /* AppDelegate.hpp */,
				3B479D3F2BF7F358000C45FA /* MetalDebugDump.cpp */,
				3B479D402BF7F358000C45FA /* MetalDebugDump.hpp */,
			);
			path = MyMetalCPP;
			sourceTree = "<group>";
		};
		3B479D252BF5D520000C45FA /* Frameworks */ = {
			isa = PBXGroup;
			children = (
				3B479D2E2BF5D58C000C45FA /* AppKit.framework */,
				3B479D2C2BF5D56C000C45FA /* MetalKit.framework */,
				3B479D2A2BF5D52E000C45FA /* Metal.framework */,
				3B479D282BF5D527000C45FA /* QuartzCore.framework */,
				3B479D262BF5D520000C45FA /* Foundation.framework */,
			);
			name = Frameworks;
			sourceTree = "<group>";
		};
		3B479D422BF7FAFA000C45FA /* Shaders */ = {
			isa = PBXGroup;
			children = (
				3B479D432BF7FB12000C45FA /* MyShader.metal */,
				3B479D452BF88C9C000C45FA /* ShaderStructs.h */,
			);
			path = Shaders;
			sourceTree = "<group>";
		};
/* End PBXGroup section */

/* Begin PBXNativeTarget section */
		3B479D1A2BF5D370000C45FA /* MyMetalCPP */ = {
			isa = PBXNativeTarget;
			buildConfigurationList = 3B479D222BF5D370000C45FA /* Build configuration list for PBXNativeTarget "MyMetalCPP" */;
			buildPhases = (
				3B479D172BF5D370000C45FA /* Sources */,
				3B479D182BF5D370000C45FA /* Frameworks */,
				3B479D192BF5D370000C45FA /* CopyFiles */,
			);
			buildRules = (
			);
			dependencies = (
			);
			name = MyMetalCPP;
			productName = MyMetalCPP;
			productReference = 3B479D1B2BF5D370000C45FA /* MyMetalCPP */;
			productType = "com.apple.product-type.tool";
		};
/* End PBXNativeTarget section */

/* Begin PBXProject section */
		3B479D132BF5D370000C45FA /* Project object */ = {
			isa = PBXProject;
			attributes = {
				BuildIndependentTargetsInParallel = 1;
				LastUpgradeCheck = 1530;
				TargetAttributes = {
					3B479D1A2BF5D370000C45FA = {
						CreatedOnToolsVersion = 15.3;
					};
				};
			};
			buildConfigurationList = 3B479D162BF5D370000C45FA /* Build configuration list for PBXProject "MyMetalCPP" */;
			compatibilityVersion = "Xcode 14.0";
			developmentRegion = en;
			hasScannedForEncodings = 0;
			knownRegions = (
				en,
				Base,
			);
			mainGroup = 3B479D122BF5D370000C45FA;
			productRefGroup = 3B479D1C2BF5D370000C45FA /* Products */;
			projectDirPath = "";
			projectRoot = "";
			targets = (
				3B479D1A2BF5D370000C45FA /* MyMetalCPP */,
			);
		};
/* End PBXProject section */

/* Begin PBXSourcesBuildPhase section */
		3B479D172BF5D370000C45FA /* Sources */ = {
			isa = PBXSourcesBuildPhase;
			buildActionMask = 2147483647;
			files = (
				3B479D442BF7FB12000C45FA /* MyShader.metal in Sources */,
				3B479D392BF6A7B3000C45FA /* AppDelegate.cpp in Sources */,
				3B479D352BF5D743000C45FA /* MTKViewDelegate.cpp in Sources */,
				3B479D412BF7F358000C45FA /* MetalDebugDump.cpp in Sources */,
				3B479D322BF5D6EE000C45FA /* Renderer.cpp in Sources */,
				3B479D1F2BF5D370000C45FA /* main.cpp in Sources */,
			);
			runOnlyForDeploymentPostprocessing = 0;
		};
/* End PBXSourcesBuildPhase section */

/* Begin XCBuildConfiguration section */
		3B479D202BF5D370000C45FA /* Debug */ = {
			isa = XCBuildConfiguration;
			buildSettings = {
				ALWAYS_SEARCH_USER_PATHS = NO;
				ASSETCATALOG_COMPILER_GENERATE_SWIFT_ASSET_SYMBOL_EXTENSIONS = YES;
				CLANG_ANALYZER_NONNULL = YES;
				CLANG_ANALYZER_NUMBER_OBJECT_CONVERSION = YES_AGGRESSIVE;
				CLANG_CXX_LANGUAGE_STANDARD = "gnu++20";
				CLANG_ENABLE_MODULES = YES;
				CLANG_ENABLE_OBJC_ARC = YES;
				CLANG_ENABLE_OBJC_WEAK = YES;
				CLANG_WARN_BLOCK_CAPTURE_AUTORELEASING = YES;
				CLANG_WARN_BOOL_CONVERSION = YES;
				CLANG_WARN_COMMA = YES;
				CLANG_WARN_CONSTANT_CONVERSION = YES;
				CLANG_WARN_DEPRECATED_OBJC_IMPLEMENTATIONS = YES;
				CLANG_WARN_DIRECT_OBJC_ISA_USAGE = YES_ERROR;
				CLANG_WARN_DOCUMENTATION_COMMENTS = YES;
				CLANG_WARN_EMPTY_BODY = YES;
				CLANG_WARN_ENUM_CONVERSION = YES;
				CLANG_WARN_INFINITE_RECURSION = YES;
				CLANG_WARN_INT_CONVERSION = YES;
				CLANG_WARN_NON_LITERAL_NULL_CONVERSION = YES;
				CLANG_WARN_OBJC_IMPLICIT_RETAIN_SELF = YES;
				CLANG_WARN_OBJC_LITERAL_CONVERSION = YES;
				CLANG_WARN_OBJC_ROOT_CLASS = YES_ERROR;
				CLANG_WARN_QUOTED_INCLUDE_IN_FRAMEWORK_HEADER = YES;
				CLANG_WARN_RANGE_LOOP_ANALYSIS = YES;
				CLANG_WARN_STRICT_PROTOTYPES = YES;
				CLANG_WARN_SUSPICIOUS_MOVE = YES;
				CLANG_WARN_UNGUARDED_AVAILABILITY = YES_AGGRESSIVE;
				CLANG_WARN_UNREACHABLE_CODE = YES;
				CLANG_WARN__DUPLICATE_METHOD_MATCH = YES;
				COPY_PHASE_STRIP = NO;
				DEBUG_INFORMATION_FORMAT = dwarf;
				ENABLE_STRICT_OBJC_MSGSEND = YES;
				ENABLE_TESTABILITY = YES;
				ENABLE_USER_SCRIPT_SANDBOXING = YES;
				GCC_C_LANGUAGE_STANDARD = gnu17;
				GCC_DYNAMIC_NO_PIC = NO;
				GCC_NO_COMMON_BLOCKS = YES;
				GCC_OPTIMIZATION_LEVEL = 0;
				GCC_PREPROCESSOR_DEFINITIONS = (
					"DEBUG=1",
					"$(inherited)",
				);
				GCC_WARN_64_TO_32_BIT_CONVERSION = YES;
				GCC_WARN_ABOUT_RETURN_TYPE = YES_ERROR;
				GCC_WARN_UNDECLARED_SELECTOR = YES;
				GCC_WARN_UNINITIALIZED_AUTOS = YES_AGGRESSIVE;
				GCC_WARN_UNUSED_FUNCTION = YES;
				GCC_WARN_UNUSED_VARIABLE = YES;
				LOCALIZATION_PREFERS_STRING_CATALOGS = YES;
				MACOSX_DEPLOYMENT_TARGET = 14.4;
				MTL_ENABLE_DEBUG_INFO = INCLUDE_SOURCE;
				MTL_FAST_MATH = YES;
				ONLY_ACTIVE_ARCH = YES;
				SDKROOT = macosx;
			};
			name = Debug;
		};
		3B479D212BF5D370000C45FA /* Release */ = {
			isa = XCBuildConfiguration;
			buildSettings = {
				ALWAYS_SEARCH_USER_PATHS = NO;
				ASSETCATALOG_COMPILER_GENERATE_SWIFT_ASSET_SYMBOL_EXTENSIONS = YES;
				CLANG_ANALYZER_NONNULL = YES;
				CLANG_ANALYZER_NUMBER_OBJECT_CONVERSION = YES_AGGRESSIVE;
				CLANG_CXX_LANGUAGE_STANDARD = "gnu++20";
				CLANG_ENABLE_MODULES = YES;
				CLANG_ENABLE_OBJC_ARC = YES;
				CLANG_ENABLE_OBJC_WEAK = YES;
				CLANG_WARN_BLOCK_CAPTURE_AUTORELEASING = YES;
				CLANG_WARN_BOOL_CONVERSION = YES;
				CLANG_WARN_COMMA = YES;
				CLANG_WARN_CONSTANT_CONVERSION = YES;
				CLANG_WARN_DEPRECATED_OBJC_IMPLEMENTATIONS = YES;
				CLANG_WARN_DIRECT_OBJC_ISA_USAGE = YES_ERROR;
				CLANG_WARN_DOCUMENTATION_COMMENTS = YES;
				CLANG_WARN_EMPTY_BODY = YES;
				CLANG_WARN_ENUM_CONVERSION = YES;
				CLANG_WARN_INFINITE_RECURSION = YES;
				CLANG_WARN_INT_CONVERSION = YES;
				CLANG_WARN_NON_LITERAL_NULL_CONVERSION = YES;
				CLANG_WARN_OBJC_IMPLICIT_RETAIN_SELF = YES;
				CLANG_WARN_OBJC_LITERAL_CONVERSION = YES;
				CLANG_WARN_OBJC_ROOT_CLASS = YES_ERROR;
				CLANG_WARN_QUOTED_INCLUDE_IN_FRAMEWORK_HEADER = YES;
				CLANG_WARN_RANGE_LOOP_ANALYSIS = YES;
				CLANG_WARN_STRICT_PROTOTYPES = YES;
				CLANG_WARN_SUSPICIOUS_MOVE = YES;
				CLANG_WARN_UNGUARDED_AVAILABILITY = YES_AGGRESSIVE;
				CLANG_WARN_UNREACHABLE_CODE = YES;
				CLANG_WARN__DUPLICATE_METHOD_MATCH = YES;
				COPY_PHASE_STRIP = NO;
				DEBUG_INFORMATION_FORMAT = "dwarf-with-dsym";
				ENABLE_NS_ASSERTIONS = NO;
				ENABLE_STRICT_OBJC_MSGSEND = YES;
				ENABLE_USER_SCRIPT_SANDBOXING = YES;
				GCC_C_LANGUAGE_STANDARD = gnu17;
				GCC_NO_COMMON_BLOCKS = YES;
				GCC_WARN_64_TO_32_BIT_CONVERSION = YES;
				GCC_WARN_ABOUT_RETURN_TYPE = YES_ERROR;
				GCC_WARN_UNDECLARED_SELECTOR = YES;
				GCC_WARN_UNINITIALIZED_AUTOS = YES_AGGRESSIVE;
				GCC_WARN_UNUSED_FUNCTION = YES;
				GCC_WARN_UNUSED_VARIABLE = YES;
				LOCALIZATION_PREFERS_STRING_CATALOGS = YES;
				MACOSX_DEPLOYMENT_TARGET = 14.4;
				MTL_ENABLE_DEBUG_INFO = NO;
				MTL_FAST_MATH = YES;
				SDKROOT = macosx;
			};
			name = Release;
		};
		3B479D232BF5D370000C45FA /* Debug */ = {
			isa = XCBuildConfiguration;
			buildSettings = {
				CODE_SIGN_STYLE = Automatic;
				DEVELOPMENT_TEAM = 7B9QA8226F;
				ENABLE_HARDENED_RUNTIME = YES;
				HEADER_SEARCH_PATHS = (
					"$(PROJECT_DIR)/metal-cpp",
					"$(PROJECT_DIR)/metal-cpp-extensions",
				);
				PRODUCT_NAME = "$(TARGET_NAME)";
			};
			name = Debug;
		};
		3B479D242BF5D370000C45FA /* Release */ = {
			isa = XCBuildConfiguration;
			buildSettings = {
				CODE_SIGN_STYLE = Automatic;
				DEVELOPMENT_TEAM = 7B9QA8226F;
				ENABLE_HARDENED_RUNTIME = YES;
				HEADER_SEARCH_PATHS = (
					"$(PROJECT_DIR)/metal-cpp",
					"$(PROJECT_DIR)/metal-cpp-extensions",
				);
				PRODUCT_NAME = "$(TARGET_NAME)";
			};
			name = Release;
		};
/* End XCBuildConfiguration section */

/* Begin XCConfigurationList section */
		3B479D162BF5D370000C45FA /* Build configuration list for PBXProject "MyMetalCPP" */ = {
			isa = XCConfigurationList;
			buildConfigurations = (
				3B479D202BF5D370000C45FA /* Debug */,
				3B479D212BF5D370000C45FA /* Release */,
			);
			defaultConfigurationIsVisible = 0;
			defaultConfigurationName = Release;
		};
		3B479D222BF5D370000C45FA /* Build configuration list for PBXNativeTarget "MyMetalCPP" */ = {
			isa = XCConfigurationList;
			buildConfigurations = (
				3B479D232BF5D370000C45FA /* Debug */,
				3B479D242BF5D370000C45FA /* Release */,
			);
			defaultConfigurationIsVisible = 0;
			defaultConfigurationName = Release;
		};
/* End XCConfigurationList section */
	};
	rootObject = 3B479D132BF5D370000C45FA /* Project object */;
}
